
Microsoft Visual Studio Solution File, Format Version 12.00
# Visual Studio Version 16
VisualStudioVersion = 16.0.32901.82
MinimumVisualStudioVersion = 10.0.40219.1
Project("{FAE04EC0-301F-11D3-BF4B-00C04F79EFBC}") = "NasljedivanjeIpolimorfizam", "NasljedivanjeIpolimorfizam\NasljedivanjeIpolimorfizam.csproj", "{78168D69-5742-47D4-85EE-C54ACD5E2575}"
EndProject
Global
	GlobalSection(SolutionConfigurationPlatforms) = preSolution
		Debug|Any CPU = Debug|Any CPU
		Release|Any CPU = Release|Any CPU
	EndGlobalSection
	GlobalSection(ProjectConfigurationPlatforms) = postSolution
		{78168D69-5742-47D4-85EE-C54ACD5E2575}.Debug|Any CPU.ActiveCfg = Debug|Any CPU
		{78168D69-5742-47D4-85EE-C54ACD5E2575}.Debug|Any CPU.Build.0 = Debug|Any CPU
		{78168D69-5742-47D4-85EE-C54ACD5E2575}.Release|Any CPU.ActiveCfg = Release|Any CPU
		{78168D69-5742-47D4-85EE-C54ACD5E2575}.Release|Any CPU.Build.0 = Release|Any CPU
	EndGlobalSection
	GlobalSection(SolutionProperties) = preSolution
		HideSolutionNode = FALSE
	EndGlobalSection
	GlobalSection(ExtensibilityGlobals) = postSolution
		SolutionGuid = {212F4AC0-070F-4F29-9EB7-CCCD20256095}
	EndGlobalSection
EndGlobal
